
Microsoft Visual Studio Solution File, Format Version 12.00
# Visual Studio Version 16
VisualStudioVersion = 16.0.28803.352
MinimumVisualStudioVersion = 10.0.40219.1
Project("{9A19103F-16F7-4668-BE54-9A1E7A4F7556}") = "Stocker", "Stocker\Stocker.csproj", "{AB53EB16-E030-44B8-B653-9F667B99E491}"
EndProject
Project("{9A19103F-16F7-4668-BE54-9A1E7A4F7556}") = "Models", "Models\Models.csproj", "{EC09363C-2115-4C42-A076-D64F97E902CA}"
EndProject
Project("{9A19103F-16F7-4668-BE54-9A1E7A4F7556}") = "DataAccessLayer", "DataAccessLayer\DataAccessLayer.csproj", "{70955561-33AA-4D53-8A15-DB45B87BC9B1}"
EndProject
Project("{9A19103F-16F7-4668-BE54-9A1E7A4F7556}") = "DataTransferObjectLayer", "DataTransferObjectLayer\DataTransferObjectLayer.csproj", "{589F650A-5861-4589-AF56-45026472C49E}"
EndProject
Project("{9A19103F-16F7-4668-BE54-9A1E7A4F7556}") = "BusinessLayer", "BusinessLiner\BusinessLayer.csproj", "{A9BFB33D-E4E2-4708-8D36-7DD9C3A42BD1}"
EndProject
Project("{2150E333-8FDC-42A3-9474-1A3956D46DE8}") = "Solution Items", "Solution Items", "{C0D804C0-904A-4C3F-ABC4-65A63FF55C16}"
	ProjectSection(SolutionItems) = preProject
		Anotaciones.txt = Anotaciones.txt
	EndProjectSection
EndProject
Project("{FAE04EC0-301F-11D3-BF4B-00C04F79EFBC}") = "RepositoryLayer", "RepositoryLayer\RepositoryLayer.csproj", "{EF680E38-F6E2-49DD-9013-B804A37B1671}"
EndProject
Project("{FAE04EC0-301F-11D3-BF4B-00C04F79EFBC}") = "Util", "UtilLayer\Util.csproj", "{D22471FF-A3CA-418B-AB67-D0C608FC702B}"
EndProject
Global
	GlobalSection(SolutionConfigurationPlatforms) = preSolution
		Debug|Any CPU = Debug|Any CPU
		Release|Any CPU = Release|Any CPU
	EndGlobalSection
	GlobalSection(ProjectConfigurationPlatforms) = postSolution
		{AB53EB16-E030-44B8-B653-9F667B99E491}.Debug|Any CPU.ActiveCfg = Debug|Any CPU
		{AB53EB16-E030-44B8-B653-9F667B99E491}.Debug|Any CPU.Build.0 = Debug|Any CPU
		{AB53EB16-E030-44B8-B653-9F667B99E491}.Release|Any CPU.ActiveCfg = Release|Any CPU
		{AB53EB16-E030-44B8-B653-9F667B99E491}.Release|Any CPU.Build.0 = Release|Any CPU
		{EC09363C-2115-4C42-A076-D64F97E902CA}.Debug|Any CPU.ActiveCfg = Debug|Any CPU
		{EC09363C-2115-4C42-A076-D64F97E902CA}.Debug|Any CPU.Build.0 = Debug|Any CPU
		{EC09363C-2115-4C42-A076-D64F97E902CA}.Release|Any CPU.ActiveCfg = Release|Any CPU
		{EC09363C-2115-4C42-A076-D64F97E902CA}.Release|Any CPU.Build.0 = Release|Any CPU
		{70955561-33AA-4D53-8A15-DB45B87BC9B1}.Debug|Any CPU.ActiveCfg = Debug|Any CPU
		{70955561-33AA-4D53-8A15-DB45B87BC9B1}.Debug|Any CPU.Build.0 = Debug|Any CPU
		{70955561-33AA-4D53-8A15-DB45B87BC9B1}.Release|Any CPU.ActiveCfg = Release|Any CPU
		{70955561-33AA-4D53-8A15-DB45B87BC9B1}.Release|Any CPU.Build.0 = Release|Any CPU
		{589F650A-5861-4589-AF56-45026472C49E}.Debug|Any CPU.ActiveCfg = Debug|Any CPU
		{589F650A-5861-4589-AF56-45026472C49E}.Debug|Any CPU.Build.0 = Debug|Any CPU
		{589F650A-5861-4589-AF56-45026472C49E}.Release|Any CPU.ActiveCfg = Release|Any CPU
		{589F650A-5861-4589-AF56-45026472C49E}.Release|Any CPU.Build.0 = Release|Any CPU
		{A9BFB33D-E4E2-4708-8D36-7DD9C3A42BD1}.Debug|Any CPU.ActiveCfg = Debug|Any CPU
		{A9BFB33D-E4E2-4708-8D36-7DD9C3A42BD1}.Debug|Any CPU.Build.0 = Debug|Any CPU
		{A9BFB33D-E4E2-4708-8D36-7DD9C3A42BD1}.Release|Any CPU.ActiveCfg = Release|Any CPU
		{A9BFB33D-E4E2-4708-8D36-7DD9C3A42BD1}.Release|Any CPU.Build.0 = Release|Any CPU
		{EF680E38-F6E2-49DD-9013-B804A37B1671}.Debug|Any CPU.ActiveCfg = Debug|Any CPU
		{EF680E38-F6E2-49DD-9013-B804A37B1671}.Debug|Any CPU.Build.0 = Debug|Any CPU
		{EF680E38-F6E2-49DD-9013-B804A37B1671}.Release|Any CPU.ActiveCfg = Release|Any CPU
		{EF680E38-F6E2-49DD-9013-B804A37B1671}.Release|Any CPU.Build.0 = Release|Any CPU
		{D22471FF-A3CA-418B-AB67-D0C608FC702B}.Debug|Any CPU.ActiveCfg = Debug|Any CPU
		{D22471FF-A3CA-418B-AB67-D0C608FC702B}.Debug|Any CPU.Build.0 = Debug|Any CPU
		{D22471FF-A3CA-418B-AB67-D0C608FC702B}.Release|Any CPU.ActiveCfg = Release|Any CPU
		{D22471FF-A3CA-418B-AB67-D0C608FC702B}.Release|Any CPU.Build.0 = Release|Any CPU
	EndGlobalSection
	GlobalSection(SolutionProperties) = preSolution
		HideSolutionNode = FALSE
	EndGlobalSection
	GlobalSection(ExtensibilityGlobals) = postSolution
		SolutionGuid = {72DAFE0F-BE5F-471C-B73F-B2718C054D5C}
	EndGlobalSection
EndGlobal
